{
  "name": "fakeinstachat",
  "version": "0.1.0",
  "lockfileVersion": 1,
  "requires": true,
  "dependencies": {
    "react-time-format": {
      "version": "0.0.5",
      "resolved": "https://registry.npmjs.org/react-time-format/-/react-time-format-0.0.5.tgz",
      "integrity": "sha1-2cln7GjJomL8N8PdOjgdpb3gjoM=",
      "dev": true
    }
  }
}
